<?xml version="1.0" encoding="utf-8"?>
<Project ToolsVersion="4.0" xmlns="http://schemas.microsoft.com/developer/msbuild/2003">
  <ItemGroup>
    <Filter Include="Source Files">
      <UniqueIdentifier>{4FC737F1-C7A5-4376-A066-2A32D752A2FF}</UniqueIdentifier>
      <Extensions>cpp;c;cc;cxx;def;odl;idl;hpj;bat;asm;asmx</Extensions>
    </Filter>
    <Filter Include="Header Files">
      <UniqueIdentifier>{93995380-89BD-4b04-88EB-625FBE52EBFB}</UniqueIdentifier>
      <Extensions>h;hh;hpp;hxx;hm;inl;inc;ipp;xsd</Extensions>
    </Filter>
    <Filter Include="Resource Files">
      <UniqueIdentifier>{67DA6AB6-F800-4c08-8B7A-83BB121AAD01}</UniqueIdentifier>
      <Extensions>rc;ico;cur;bmp;dlg;rc2;rct;bin;rgs;gif;jpg;jpeg;jpe;resx;tiff;tif;png;wav;mfcribbon-ms</Extensions>
    </Filter>
    <Filter Include="Header Files\input">
      <UniqueIdentifier>{8c84d1a8-9013-4a61-bd4d-e67ae6e8caad}</UniqueIdentifier>
    </Filter>
    <Filter Include="Source Files\input">
      <UniqueIdentifier>{907f68b7-b0e3-4244-b388-44ebe65be18f}</UniqueIdentifier>
    </Filter>
    <Filter Include="Header Files\window">
      <UniqueIdentifier>{063fad5e-1085-4eea-9269-f2e08629e0a2}</UniqueIdentifier>
    </Filter>
    <Filter Include="Header Files\rendering">
      <UniqueIdentifier>{dd8f8d03-9ff7-4c33-b00c-add6c310f6cc}</UniqueIdentifier>
    </Filter>
    <Filter Include="Source Files\rendering">
      <UniqueIdentifier>{5aff2ca5-b5c7-41c8-b7d8-8c22ce0fb86f}</UniqueIdentifier>
    </Filter>
    <Filter Include="Source Files\window">
      <UniqueIdentifier>{a02fb565-72e7-4dd8-8ef1-c5a9ffbbb3b7}</UniqueIdentifier>
    </Filter>
    <Filter Include="Source Files\engine">
      <UniqueIdentifier>{496e4dcc-4f1c-4044-a7a2-c00c41d7fe24}</UniqueIdentifier>
    </Filter>
    <Filter Include="Source Files\util">
      <UniqueIdentifier>{a6560d45-8fd4-45a0-aa2b-26bfeac66028}</UniqueIdentifier>
    </Filter>
    <Filter Include="Header Files\engine">
      <UniqueIdentifier>{97f06c74-6d3e-4080-8ecf-949cb8ad9aa7}</UniqueIdentifier>
    </Filter>
    <Filter Include="Header Files\util">
      <UniqueIdentifier>{b6e34791-94c6-433e-a111-da1ef443e630}</UniqueIdentifier>
    </Filter>
  </ItemGroup>
  <ItemGroup>
    <ClCompile Include="Main.cpp">
      <Filter>Source Files</Filter>
    </ClCompile>
    <ClCompile Include="input\InputSystem.cpp">
      <Filter>Source Files\input</Filter>
    </ClCompile>
    <ClCompile Include="window\Window.cpp">
      <Filter>Source Files\window</Filter>
    </ClCompile>
    <ClCompile Include="window\WindowSystem.cpp">
      <Filter>Source Files\window</Filter>
    </ClCompile>
    <ClCompile Include="rendering\RenderSystem.cpp">
      <Filter>Source Files\rendering</Filter>
    </ClCompile>
    <ClCompile Include="input\InputEvent.cpp">
      <Filter>Source Files\input</Filter>
    </ClCompile>
    <ClCompile Include="rendering\Mesh.cpp">
      <Filter>Source Files\rendering</Filter>
    </ClCompile>
    <ClCompile Include="rendering\Model.cpp">
      <Filter>Source Files\rendering</Filter>
    </ClCompile>
    <ClCompile Include="rendering\ShaderProgram.cpp">
      <Filter>Source Files\rendering</Filter>
    </ClCompile>
    <ClCompile Include="rendering\Texture.cpp">
      <Filter>Source Files\rendering</Filter>
    </ClCompile>
    <ClCompile Include="rendering\MeshInstance.cpp">
      <Filter>Source Files\rendering</Filter>
    </ClCompile>
    <ClCompile Include="util\glad.c">
      <Filter>Source Files\util</Filter>
    </ClCompile>
    <ClCompile Include="util\Timer.cpp">
      <Filter>Source Files\util</Filter>
    </ClCompile>
    <ClCompile Include="engine\Engine.cpp">
      <Filter>Source Files\engine</Filter>
    </ClCompile>
    <ClCompile Include="engine\GameScreen.cpp">
      <Filter>Source Files\engine</Filter>
    </ClCompile>
    <ClCompile Include="rendering\Camera.cpp">
      <Filter>Source Files\rendering</Filter>
    </ClCompile>
  </ItemGroup>
  <ItemGroup>
    <ClInclude Include="input\InputSystem.h">
      <Filter>Header Files\input</Filter>
    </ClInclude>
    <ClInclude Include="input\IInputListener.h">
      <Filter>Header Files\input</Filter>
    </ClInclude>
    <ClInclude Include="rendering\RenderSystem.h">
      <Filter>Header Files\rendering</Filter>
    </ClInclude>
    <ClInclude Include="window\WindowSystem.h">
      <Filter>Header Files\window</Filter>
    </ClInclude>
    <ClInclude Include="window\Window.h">
      <Filter>Header Files\window</Filter>
    </ClInclude>
    <ClInclude Include="input\InputEvent.h">
      <Filter>Header Files\input</Filter>
    </ClInclude>
    <ClInclude Include="rendering\Texture.h">
      <Filter>Header Files\rendering</Filter>
    </ClInclude>
    <ClInclude Include="rendering\Model.h">
      <Filter>Header Files\rendering</Filter>
    </ClInclude>
    <ClInclude Include="rendering\Mesh.h">
      <Filter>Header Files\rendering</Filter>
    </ClInclude>
    <ClInclude Include="rendering\ShaderProgram.h">
      <Filter>Header Files\rendering</Filter>
    </ClInclude>
    <ClInclude Include="rendering\MeshInstance.h">
      <Filter>Header Files\rendering</Filter>
    </ClInclude>
    <ClInclude Include="rendering\Camera.h">
      <Filter>Header Files\rendering</Filter>
    </ClInclude>
    <ClInclude Include="engine\Engine.h">
      <Filter>Header Files\engine</Filter>
    </ClInclude>
    <ClInclude Include="engine\GameScreen.h">
      <Filter>Header Files\engine</Filter>
    </ClInclude>
    <ClInclude Include="engine\IScreen.h">
      <Filter>Header Files\engine</Filter>
    </ClInclude>
    <ClInclude Include="util\Timer.h">
      <Filter>Header Files\util</Filter>
    </ClInclude>
    <ClInclude Include="resource.h">
      <Filter>Header Files</Filter>
    </ClInclude>
  </ItemGroup>
  <ItemGroup>
    <None Include="..\shaders\basic.frag">
      <Filter>Resource Files</Filter>
    </None>
    <None Include="..\shaders\basic.vert">
      <Filter>Resource Files</Filter>
    </None>
  </ItemGroup>
</Project>